
Microsoft Visual Studio Solution File, Format Version 12.00
# Visual Studio 15
VisualStudioVersion = 15.0.28307.572
MinimumVisualStudioVersion = 10.0.40219.1
Project("{9A19103F-16F7-4668-BE54-9A1E7A4F7556}") = "ECommerce.Web", "ECommerce.Web\ECommerce.Web.csproj", "{4989A126-6D69-478D-9B3F-2964CB5A6587}"
EndProject
Project("{9A19103F-16F7-4668-BE54-9A1E7A4F7556}") = "ECommerce.Data", "ECommerce.Data\ECommerce.Data.csproj", "{029F9A2D-8DA6-4C95-AFF4-984E8383CB8C}"
EndProject
Project("{9A19103F-16F7-4668-BE54-9A1E7A4F7556}") = "ECommerce.Service", "ECommerce.Service\ECommerce.Service.csproj", "{7F297B36-AF3D-4511-8002-4EC84168D83A}"
EndProject
Project("{FAE04EC0-301F-11D3-BF4B-00C04F79EFBC}") = "ECommerce.Helper", "ECommerce.Helper\ECommerce.Helper.csproj", "{BDE4B161-E60E-4240-BEB4-D8C4685EF045}"
EndProject
Global
	GlobalSection(SolutionConfigurationPlatforms) = preSolution
		Debug|Any CPU = Debug|Any CPU
		Release|Any CPU = Release|Any CPU
	EndGlobalSection
	GlobalSection(ProjectConfigurationPlatforms) = postSolution
		{4989A126-6D69-478D-9B3F-2964CB5A6587}.Debug|Any CPU.ActiveCfg = Debug|Any CPU
		{4989A126-6D69-478D-9B3F-2964CB5A6587}.Debug|Any CPU.Build.0 = Debug|Any CPU
		{4989A126-6D69-478D-9B3F-2964CB5A6587}.Release|Any CPU.ActiveCfg = Release|Any CPU
		{4989A126-6D69-478D-9B3F-2964CB5A6587}.Release|Any CPU.Build.0 = Release|Any CPU
		{029F9A2D-8DA6-4C95-AFF4-984E8383CB8C}.Debug|Any CPU.ActiveCfg = Debug|Any CPU
		{029F9A2D-8DA6-4C95-AFF4-984E8383CB8C}.Debug|Any CPU.Build.0 = Debug|Any CPU
		{029F9A2D-8DA6-4C95-AFF4-984E8383CB8C}.Release|Any CPU.ActiveCfg = Release|Any CPU
		{029F9A2D-8DA6-4C95-AFF4-984E8383CB8C}.Release|Any CPU.Build.0 = Release|Any CPU
		{7F297B36-AF3D-4511-8002-4EC84168D83A}.Debug|Any CPU.ActiveCfg = Debug|Any CPU
		{7F297B36-AF3D-4511-8002-4EC84168D83A}.Debug|Any CPU.Build.0 = Debug|Any CPU
		{7F297B36-AF3D-4511-8002-4EC84168D83A}.Release|Any CPU.ActiveCfg = Release|Any CPU
		{7F297B36-AF3D-4511-8002-4EC84168D83A}.Release|Any CPU.Build.0 = Release|Any CPU
		{BDE4B161-E60E-4240-BEB4-D8C4685EF045}.Debug|Any CPU.ActiveCfg = Debug|Any CPU
		{BDE4B161-E60E-4240-BEB4-D8C4685EF045}.Debug|Any CPU.Build.0 = Debug|Any CPU
		{BDE4B161-E60E-4240-BEB4-D8C4685EF045}.Release|Any CPU.ActiveCfg = Release|Any CPU
		{BDE4B161-E60E-4240-BEB4-D8C4685EF045}.Release|Any CPU.Build.0 = Release|Any CPU
	EndGlobalSection
	GlobalSection(SolutionProperties) = preSolution
		HideSolutionNode = FALSE
	EndGlobalSection
	GlobalSection(ExtensibilityGlobals) = postSolution
		SolutionGuid = {B7024C50-D97E-41DC-8773-F9F7291A5D57}
	EndGlobalSection
EndGlobal
